// !$*UTF8*$!
{
	archiveVersion = 1;
	classes = {
	};
	objectVersion = 56;
	objects = {

/* Begin PBXBuildFile section */
		1464BCB98BD67EC86DD00ED8 /* Pods_ClubHouseTests.framework in Frameworks */ = {isa = PBXBuildFile; fileRef = 64F48B624DD2818BE7514B98 /* Pods_ClubHouseTests.framework */; };
		59BFE88793D7780A639FC146 /* Pods_ClubHouse_ClubHouseUITests.framework in Frameworks */ = {isa = PBXBuildFile; fileRef = 6BCC5ED648969AD300E1C966 /* Pods_ClubHouse_ClubHouseUITests.framework */; };
		D23BC5E52B7506740089C286 /* AppDelegate.swift in Sources */ = {isa = PBXBuildFile; fileRef = D23BC5E42B7506740089C286 /* AppDelegate.swift */; };
		D23BC5E72B7506740089C286 /* SceneDelegate.swift in Sources */ = {isa = PBXBuildFile; fileRef = D23BC5E62B7506740089C286 /* SceneDelegate.swift */; };
		D23BC5E92B7506740089C286 /* ViewController.swift in Sources */ = {isa = PBXBuildFile; fileRef = D23BC5E82B7506740089C286 /* ViewController.swift */; };
		D23BC5EC2B7506740089C286 /* Main.storyboard in Resources */ = {isa = PBXBuildFile; fileRef = D23BC5EA2B7506740089C286 /* Main.storyboard */; };
		D23BC5EE2B7506750089C286 /* Assets.xcassets in Resources */ = {isa = PBXBuildFile; fileRef = D23BC5ED2B7506750089C286 /* Assets.xcassets */; };
		D23BC5F12B7506750089C286 /* LaunchScreen.storyboard in Resources */ = {isa = PBXBuildFile; fileRef = D23BC5EF2B7506750089C286 /* LaunchScreen.storyboard */; };
		D23BC5FC2B7506750089C286 /* ClubHouseTests.swift in Sources */ = {isa = PBXBuildFile; fileRef = D23BC5FB2B7506750089C286 /* ClubHouseTests.swift */; };
		D23BC6062B7506750089C286 /* ClubHouseUITests.swift in Sources */ = {isa = PBXBuildFile; fileRef = D23BC6052B7506750089C286 /* ClubHouseUITests.swift */; };
		D23BC6082B7506750089C286 /* ClubHouseUITestsLaunchTests.swift in Sources */ = {isa = PBXBuildFile; fileRef = D23BC6072B7506750089C286 /* ClubHouseUITestsLaunchTests.swift */; };
		DE0BDA18656D6EB8CBE4B9E9 /* Pods_ClubHouse.framework in Frameworks */ = {isa = PBXBuildFile; fileRef = A1D28D932391C52FB111F0DB /* Pods_ClubHouse.framework */; };
/* End PBXBuildFile section */

/* Begin PBXContainerItemProxy section */
		D23BC5F82B7506750089C286 /* PBXContainerItemProxy */ = {
			isa = PBXContainerItemProxy;
			containerPortal = D23BC5D92B7506740089C286 /* Project object */;
			proxyType = 1;
			remoteGlobalIDString = D23BC5E02B7506740089C286;
			remoteInfo = ClubHouse;
		};
		D23BC6022B7506750089C286 /* PBXContainerItemProxy */ = {
			isa = PBXContainerItemProxy;
			containerPortal = D23BC5D92B7506740089C286 /* Project object */;
			proxyType = 1;
			remoteGlobalIDString = D23BC5E02B7506740089C286;
			remoteInfo = ClubHouse;
		};
/* End PBXContainerItemProxy section */

/* Begin PBXFileReference section */
		154706A86D61886FE0AD5E80 /* Pods-ClubHouseTests.debug.xcconfig */ = {isa = PBXFileReference; includeInIndex = 1; lastKnownFileType = text.xcconfig; name = "Pods-ClubHouseTests.debug.xcconfig"; path = "Target Support Files/Pods-ClubHouseTests/Pods-ClubHouseTests.debug.xcconfig"; sourceTree = "<group>"; };
		23861C1552F069E7091FB224 /* Pods-ClubHouse.release.xcconfig */ = {isa = PBXFileReference; includeInIndex = 1; lastKnownFileType = text.xcconfig; name = "Pods-ClubHouse.release.xcconfig"; path = "Target Support Files/Pods-ClubHouse/Pods-ClubHouse.release.xcconfig"; sourceTree = "<group>"; };
		64F48B624DD2818BE7514B98 /* Pods_ClubHouseTests.framework */ = {isa = PBXFileReference; explicitFileType = wrapper.framework; includeInIndex = 0; path = Pods_ClubHouseTests.framework; sourceTree = BUILT_PRODUCTS_DIR; };
		6BCC5ED648969AD300E1C966 /* Pods_ClubHouse_ClubHouseUITests.framework */ = {isa = PBXFileReference; explicitFileType = wrapper.framework; includeInIndex = 0; path = Pods_ClubHouse_ClubHouseUITests.framework; sourceTree = BUILT_PRODUCTS_DIR; };
		6D8049CD5281B9032874EDA1 /* Pods-ClubHouse-ClubHouseUITests.release.xcconfig */ = {isa = PBXFileReference; includeInIndex = 1; lastKnownFileType = text.xcconfig; name = "Pods-ClubHouse-ClubHouseUITests.release.xcconfig"; path = "Target Support Files/Pods-ClubHouse-ClubHouseUITests/Pods-ClubHouse-ClubHouseUITests.release.xcconfig"; sourceTree = "<group>"; };
		A1D28D932391C52FB111F0DB /* Pods_ClubHouse.framework */ = {isa = PBXFileReference; explicitFileType = wrapper.framework; includeInIndex = 0; path = Pods_ClubHouse.framework; sourceTree = BUILT_PRODUCTS_DIR; };
		B8720F6D6D35519FD9774D80 /* Pods-ClubHouse-ClubHouseUITests.debug.xcconfig */ = {isa = PBXFileReference; includeInIndex = 1; lastKnownFileType = text.xcconfig; name = "Pods-ClubHouse-ClubHouseUITests.debug.xcconfig"; path = "Target Support Files/Pods-ClubHouse-ClubHouseUITests/Pods-ClubHouse-ClubHouseUITests.debug.xcconfig"; sourceTree = "<group>"; };
		D23BC5E12B7506740089C286 /* ClubHouse.app */ = {isa = PBXFileReference; explicitFileType = wrapper.application; includeInIndex = 0; path = ClubHouse.app; sourceTree = BUILT_PRODUCTS_DIR; };
		D23BC5E42B7506740089C286 /* AppDelegate.swift */ = {isa = PBXFileReference; lastKnownFileType = sourcecode.swift; path = AppDelegate.swift; sourceTree = "<group>"; };
		D23BC5E62B7506740089C286 /* SceneDelegate.swift */ = {isa = PBXFileReference; lastKnownFileType = sourcecode.swift; path = SceneDelegate.swift; sourceTree = "<group>"; };
		D23BC5E82B7506740089C286 /* ViewController.swift */ = {isa = PBXFileReference; lastKnownFileType = sourcecode.swift; path = ViewController.swift; sourceTree = "<group>"; };
		D23BC5EB2B7506740089C286 /* Base */ = {isa = PBXFileReference; lastKnownFileType = file.storyboard; name = Base; path = Base.lproj/Main.storyboard; sourceTree = "<group>"; };
		D23BC5ED2B7506750089C286 /* Assets.xcassets */ = {isa = PBXFileReference; lastKnownFileType = folder.assetcatalog; path = Assets.xcassets; sourceTree = "<group>"; };
		D23BC5F02B7506750089C286 /* Base */ = {isa = PBXFileReference; lastKnownFileType = file.storyboard; name = Base; path = Base.lproj/LaunchScreen.storyboard; sourceTree = "<group>"; };
		D23BC5F22B7506750089C286 /* Info.plist */ = {isa = PBXFileReference; lastKnownFileType = text.plist.xml; path = Info.plist; sourceTree = "<group>"; };
		D23BC5F72B7506750089C286 /* ClubHouseTests.xctest */ = {isa = PBXFileReference; explicitFileType = wrapper.cfbundle; includeInIndex = 0; path = ClubHouseTests.xctest; sourceTree = BUILT_PRODUCTS_DIR; };
		D23BC5FB2B7506750089C286 /* ClubHouseTests.swift */ = {isa = PBXFileReference; lastKnownFileType = sourcecode.swift; path = ClubHouseTests.swift; sourceTree = "<group>"; };
		D23BC6012B7506750089C286 /* ClubHouseUITests.xctest */ = {isa = PBXFileReference; explicitFileType = wrapper.cfbundle; includeInIndex = 0; path = ClubHouseUITests.xctest; sourceTree = BUILT_PRODUCTS_DIR; };
		D23BC6052B7506750089C286 /* ClubHouseUITests.swift */ = {isa = PBXFileReference; lastKnownFileType = sourcecode.swift; path = ClubHouseUITests.swift; sourceTree = "<group>"; };
		D23BC6072B7506750089C286 /* ClubHouseUITestsLaunchTests.swift */ = {isa = PBXFileReference; lastKnownFileType = sourcecode.swift; path = ClubHouseUITestsLaunchTests.swift; sourceTree = "<group>"; };
		E6671A664074597755F83BE1 /* Pods-ClubHouse.debug.xcconfig */ = {isa = PBXFileReference; includeInIndex = 1; lastKnownFileType = text.xcconfig; name = "Pods-ClubHouse.debug.xcconfig"; path = "Target Support Files/Pods-ClubHouse/Pods-ClubHouse.debug.xcconfig"; sourceTree = "<group>"; };
		F35695D79B4932A683C5B45A /* Pods-ClubHouseTests.release.xcconfig */ = {isa = PBXFileReference; includeInIndex = 1; lastKnownFileType = text.xcconfig; name = "Pods-ClubHouseTests.release.xcconfig"; path = "Target Support Files/Pods-ClubHouseTests/Pods-ClubHouseTests.release.xcconfig"; sourceTree = "<group>"; };
/* End PBXFileReference section */

/* Begin PBXFrameworksBuildPhase section */
		D23BC5DE2B7506740089C286 /* Frameworks */ = {
			isa = PBXFrameworksBuildPhase;
			buildActionMask = 2147483647;
			files = (
				DE0BDA18656D6EB8CBE4B9E9 /* Pods_ClubHouse.framework in Frameworks */,
			);
			runOnlyForDeploymentPostprocessing = 0;
		};
		D23BC5F42B7506750089C286 /* Frameworks */ = {
			isa = PBXFrameworksBuildPhase;
			buildActionMask = 2147483647;
			files = (
				1464BCB98BD67EC86DD00ED8 /* Pods_ClubHouseTests.framework in Frameworks */,
			);
			runOnlyForDeploymentPostprocessing = 0;
		};
		D23BC5FE2B7506750089C286 /* Frameworks */ = {
			isa = PBXFrameworksBuildPhase;
			buildActionMask = 2147483647;
			files = (
				59BFE88793D7780A639FC146 /* Pods_ClubHouse_ClubHouseUITests.framework in Frameworks */,
			);
			runOnlyForDeploymentPostprocessing = 0;
		};
/* End PBXFrameworksBuildPhase section */

/* Begin PBXGroup section */
		1F50931AEA168853B3B95AE0 /* Frameworks */ = {
			isa = PBXGroup;
			children = (
				A1D28D932391C52FB111F0DB /* Pods_ClubHouse.framework */,
				6BCC5ED648969AD300E1C966 /* Pods_ClubHouse_ClubHouseUITests.framework */,
				64F48B624DD2818BE7514B98 /* Pods_ClubHouseTests.framework */,
			);
			name = Frameworks;
			sourceTree = "<group>";
		};
		D23BC5D82B7506740089C286 = {
			isa = PBXGroup;
			children = (
				D23BC5E32B7506740089C286 /* ClubHouse */,
				D23BC5FA2B7506750089C286 /* ClubHouseTests */,
				D23BC6042B7506750089C286 /* ClubHouseUITests */,
				D23BC5E22B7506740089C286 /* Products */,
				EB0ED4C52642A0F6BD372A77 /* Pods */,
				1F50931AEA168853B3B95AE0 /* Frameworks */,
			);
			sourceTree = "<group>";
		};
		D23BC5E22B7506740089C286 /* Products */ = {
			isa = PBXGroup;
			children = (
				D23BC5E12B7506740089C286 /* ClubHouse.app */,
				D23BC5F72B7506750089C286 /* ClubHouseTests.xctest */,
				D23BC6012B7506750089C286 /* ClubHouseUITests.xctest */,
			);
			name = Products;
			sourceTree = "<group>";
		};
		D23BC5E32B7506740089C286 /* ClubHouse */ = {
			isa = PBXGroup;
			children = (
				D23BC5E42B7506740089C286 /* AppDelegate.swift */,
				D23BC5E62B7506740089C286 /* SceneDelegate.swift */,
				D23BC5E82B7506740089C286 /* ViewController.swift */,
				D23BC5EA2B7506740089C286 /* Main.storyboard */,
				D23BC5ED2B7506750089C286 /* Assets.xcassets */,
				D23BC5EF2B7506750089C286 /* LaunchScreen.storyboard */,
				D23BC5F22B7506750089C286 /* Info.plist */,
			);
			path = ClubHouse;
			sourceTree = "<group>";
		};
		D23BC5FA2B7506750089C286 /* ClubHouseTests */ = {
			isa = PBXGroup;
			children = (
				D23BC5FB2B7506750089C286 /* ClubHouseTests.swift */,
			);
			path = ClubHouseTests;
			sourceTree = "<group>";
		};
		D23BC6042B7506750089C286 /* ClubHouseUITests */ = {
			isa = PBXGroup;
			children = (
				D23BC6052B7506750089C286 /* ClubHouseUITests.swift */,
				D23BC6072B7506750089C286 /* ClubHouseUITestsLaunchTests.swift */,
			);
			path = ClubHouseUITests;
			sourceTree = "<group>";
		};
		EB0ED4C52642A0F6BD372A77 /* Pods */ = {
			isa = PBXGroup;
			children = (
				E6671A664074597755F83BE1 /* Pods-ClubHouse.debug.xcconfig */,
				23861C1552F069E7091FB224 /* Pods-ClubHouse.release.xcconfig */,
				B8720F6D6D35519FD9774D80 /* Pods-ClubHouse-ClubHouseUITests.debug.xcconfig */,
				6D8049CD5281B9032874EDA1 /* Pods-ClubHouse-ClubHouseUITests.release.xcconfig */,
				154706A86D61886FE0AD5E80 /* Pods-ClubHouseTests.debug.xcconfig */,
				F35695D79B4932A683C5B45A /* Pods-ClubHouseTests.release.xcconfig */,
			);
			path = Pods;
			sourceTree = "<group>";
		};
/* End PBXGroup section */

/* Begin PBXNativeTarget section */
		D23BC5E02B7506740089C286 /* ClubHouse */ = {
			isa = PBXNativeTarget;
			buildConfigurationList = D23BC60B2B7506750089C286 /* Build configuration list for PBXNativeTarget "ClubHouse" */;
			buildPhases = (
				E8C8BFBDB83AE8D65B7D5E2B /* [CP] Check Pods Manifest.lock */,
				D23BC5DD2B7506740089C286 /* Sources */,
				D23BC5DE2B7506740089C286 /* Frameworks */,
				D23BC5DF2B7506740089C286 /* Resources */,
				84EED8FA3BE82EA64C78432F /* [CP] Embed Pods Frameworks */,
			);
			buildRules = (
			);
			dependencies = (
			);
			name = ClubHouse;
			productName = ClubHouse;
			productReference = D23BC5E12B7506740089C286 /* ClubHouse.app */;
			productType = "com.apple.product-type.application";
		};
		D23BC5F62B7506750089C286 /* ClubHouseTests */ = {
			isa = PBXNativeTarget;
			buildConfigurationList = D23BC60E2B7506750089C286 /* Build configuration list for PBXNativeTarget "ClubHouseTests" */;
			buildPhases = (
				E85FF8FC15C6E0B1493C323D /* [CP] Check Pods Manifest.lock */,
				D23BC5F32B7506750089C286 /* Sources */,
				D23BC5F42B7506750089C286 /* Frameworks */,
				D23BC5F52B7506750089C286 /* Resources */,
			);
			buildRules = (
			);
			dependencies = (
				D23BC5F92B7506750089C286 /* PBXTargetDependency */,
			);
			name = ClubHouseTests;
			productName = ClubHouseTests;
			productReference = D23BC5F72B7506750089C286 /* ClubHouseTests.xctest */;
			productType = "com.apple.product-type.bundle.unit-test";
		};
		D23BC6002B7506750089C286 /* ClubHouseUITests */ = {
			isa = PBXNativeTarget;
			buildConfigurationList = D23BC6112B7506750089C286 /* Build configuration list for PBXNativeTarget "ClubHouseUITests" */;
			buildPhases = (
				9340FC23E2865F8E49EEFCE3 /* [CP] Check Pods Manifest.lock */,
				D23BC5FD2B7506750089C286 /* Sources */,
				D23BC5FE2B7506750089C286 /* Frameworks */,
				D23BC5FF2B7506750089C286 /* Resources */,
				5174E28F84C89E47ED1CE7BB /* [CP] Embed Pods Frameworks */,
			);
			buildRules = (
			);
			dependencies = (
				D23BC6032B7506750089C286 /* PBXTargetDependency */,
			);
			name = ClubHouseUITests;
			productName = ClubHouseUITests;
			productReference = D23BC6012B7506750089C286 /* ClubHouseUITests.xctest */;
			productType = "com.apple.product-type.bundle.ui-testing";
		};
/* End PBXNativeTarget section */

/* Begin PBXProject section */
		D23BC5D92B7506740089C286 /* Project object */ = {
			isa = PBXProject;
			attributes = {
				BuildIndependentTargetsInParallel = 1;
				LastSwiftUpdateCheck = 1520;
				LastUpgradeCheck = 1520;
				TargetAttributes = {
					D23BC5E02B7506740089C286 = {
						CreatedOnToolsVersion = 15.2;
					};
					D23BC5F62B7506750089C286 = {
						CreatedOnToolsVersion = 15.2;
						TestTargetID = D23BC5E02B7506740089C286;
					};
					D23BC6002B7506750089C286 = {
						CreatedOnToolsVersion = 15.2;
						TestTargetID = D23BC5E02B7506740089C286;
					};
				};
			};
			buildConfigurationList = D23BC5DC2B7506740089C286 /* Build configuration list for PBXProject "ClubHouse" */;
			compatibilityVersion = "Xcode 14.0";
			developmentRegion = en;
			hasScannedForEncodings = 0;
			knownRegions = (
				en,
				Base,
			);
			mainGroup = D23BC5D82B7506740089C286;
			productRefGroup = D23BC5E22B7506740089C286 /* Products */;
			projectDirPath = "";
			projectRoot = "";
			targets = (
				D23BC5E02B7506740089C286 /* ClubHouse */,
				D23BC5F62B7506750089C286 /* ClubHouseTests */,
				D23BC6002B7506750089C286 /* ClubHouseUITests */,
			);
		};
/* End PBXProject section */

/* Begin PBXResourcesBuildPhase section */
		D23BC5DF2B7506740089C286 /* Resources */ = {
			isa = PBXResourcesBuildPhase;
			buildActionMask = 2147483647;
			files = (
				D23BC5F12B7506750089C286 /* LaunchScreen.storyboard in Resources */,
				D23BC5EE2B7506750089C286 /* Assets.xcassets in Resources */,
				D23BC5EC2B7506740089C286 /* Main.storyboard in Resources */,
			);
			runOnlyForDeploymentPostprocessing = 0;
		};
		D23BC5F52B7506750089C286 /* Resources */ = {
			isa = PBXResourcesBuildPhase;
			buildActionMask = 2147483647;
			files = (
			);
			runOnlyForDeploymentPostprocessing = 0;
		};
		D23BC5FF2B7506750089C286 /* Resources */ = {
			isa = PBXResourcesBuildPhase;
			buildActionMask = 2147483647;
			files = (
			);
			runOnlyForDeploymentPostprocessing = 0;
		};
/* End PBXResourcesBuildPhase section */

/* Begin PBXShellScriptBuildPhase section */
		5174E28F84C89E47ED1CE7BB /* [CP] Embed Pods Frameworks */ = {
			isa = PBXShellScriptBuildPhase;
			buildActionMask = 2147483647;
			files = (
			);
			inputFileListPaths = (
				"${PODS_ROOT}/Target Support Files/Pods-ClubHouse-ClubHouseUITests/Pods-ClubHouse-ClubHouseUITests-frameworks-${CONFIGURATION}-input-files.xcfilelist",
			);
			name = "[CP] Embed Pods Frameworks";
			outputFileListPaths = (
				"${PODS_ROOT}/Target Support Files/Pods-ClubHouse-ClubHouseUITests/Pods-ClubHouse-ClubHouseUITests-frameworks-${CONFIGURATION}-output-files.xcfilelist",
			);
			runOnlyForDeploymentPostprocessing = 0;
			shellPath = /bin/sh;
			shellScript = "\"${PODS_ROOT}/Target Support Files/Pods-ClubHouse-ClubHouseUITests/Pods-ClubHouse-ClubHouseUITests-frameworks.sh\"\n";
			showEnvVarsInLog = 0;
		};
		84EED8FA3BE82EA64C78432F /* [CP] Embed Pods Frameworks */ = {
			isa = PBXShellScriptBuildPhase;
			buildActionMask = 2147483647;
			files = (
			);
			inputFileListPaths = (
				"${PODS_ROOT}/Target Support Files/Pods-ClubHouse/Pods-ClubHouse-frameworks-${CONFIGURATION}-input-files.xcfilelist",
			);
			name = "[CP] Embed Pods Frameworks";
			outputFileListPaths = (
				"${PODS_ROOT}/Target Support Files/Pods-ClubHouse/Pods-ClubHouse-frameworks-${CONFIGURATION}-output-files.xcfilelist",
			);
			runOnlyForDeploymentPostprocessing = 0;
			shellPath = /bin/sh;
			shellScript = "\"${PODS_ROOT}/Target Support Files/Pods-ClubHouse/Pods-ClubHouse-frameworks.sh\"\n";
			showEnvVarsInLog = 0;
		};
		9340FC23E2865F8E49EEFCE3 /* [CP] Check Pods Manifest.lock */ = {
			isa = PBXShellScriptBuildPhase;
			buildActionMask = 2147483647;
			files = (
			);
			inputFileListPaths = (
			);
			inputPaths = (
				"${PODS_PODFILE_DIR_PATH}/Podfile.lock",
				"${PODS_ROOT}/Manifest.lock",
			);
			name = "[CP] Check Pods Manifest.lock";
			outputFileListPaths = (
			);
			outputPaths = (
				"$(DERIVED_FILE_DIR)/Pods-ClubHouse-ClubHouseUITests-checkManifestLockResult.txt",
			);
			runOnlyForDeploymentPostprocessing = 0;
			shellPath = /bin/sh;
			shellScript = "diff \"${PODS_PODFILE_DIR_PATH}/Podfile.lock\" \"${PODS_ROOT}/Manifest.lock\" > /dev/null\nif [ $? != 0 ] ; then\n    # print error to STDERR\n    echo \"error: The sandbox is not in sync with the Podfile.lock. Run 'pod install' or update your CocoaPods installation.\" >&2\n    exit 1\nfi\n# This output is used by Xcode 'outputs' to avoid re-running this script phase.\necho \"SUCCESS\" > \"${SCRIPT_OUTPUT_FILE_0}\"\n";
			showEnvVarsInLog = 0;
		};
		E85FF8FC15C6E0B1493C323D /* [CP] Check Pods Manifest.lock */ = {
			isa = PBXShellScriptBuildPhase;
			buildActionMask = 2147483647;
			files = (
			);
			inputFileListPaths = (
			);
			inputPaths = (
				"${PODS_PODFILE_DIR_PATH}/Podfile.lock",
				"${PODS_ROOT}/Manifest.lock",
			);
			name = "[CP] Check Pods Manifest.lock";
			outputFileListPaths = (
			);
			outputPaths = (
				"$(DERIVED_FILE_DIR)/Pods-ClubHouseTests-checkManifestLockResult.txt",
			);
			runOnlyForDeploymentPostprocessing = 0;
			shellPath = /bin/sh;
			shellScript = "diff \"${PODS_PODFILE_DIR_PATH}/Podfile.lock\" \"${PODS_ROOT}/Manifest.lock\" > /dev/null\nif [ $? != 0 ] ; then\n    # print error to STDERR\n    echo \"error: The sandbox is not in sync with the Podfile.lock. Run 'pod install' or update your CocoaPods installation.\" >&2\n    exit 1\nfi\n# This output is used by Xcode 'outputs' to avoid re-running this script phase.\necho \"SUCCESS\" > \"${SCRIPT_OUTPUT_FILE_0}\"\n";
			showEnvVarsInLog = 0;
		};
		E8C8BFBDB83AE8D65B7D5E2B /* [CP] Check Pods Manifest.lock */ = {
			isa = PBXShellScriptBuildPhase;
			buildActionMask = 2147483647;
			files = (
			);
			inputFileListPaths = (
			);
			inputPaths = (
				"${PODS_PODFILE_DIR_PATH}/Podfile.lock",
				"${PODS_ROOT}/Manifest.lock",
			);
			name = "[CP] Check Pods Manifest.lock";
			outputFileListPaths = (
			);
			outputPaths = (
				"$(DERIVED_FILE_DIR)/Pods-ClubHouse-checkManifestLockResult.txt",
			);
			runOnlyForDeploymentPostprocessing = 0;
			shellPath = /bin/sh;
			shellScript = "diff \"${PODS_PODFILE_DIR_PATH}/Podfile.lock\" \"${PODS_ROOT}/Manifest.lock\" > /dev/null\nif [ $? != 0 ] ; then\n    # print error to STDERR\n    echo \"error: The sandbox is not in sync with the Podfile.lock. Run 'pod install' or update your CocoaPods installation.\" >&2\n    exit 1\nfi\n# This output is used by Xcode 'outputs' to avoid re-running this script phase.\necho \"SUCCESS\" > \"${SCRIPT_OUTPUT_FILE_0}\"\n";
			showEnvVarsInLog = 0;
		};
/* End PBXShellScriptBuildPhase section */

/* Begin PBXSourcesBuildPhase section */
		D23BC5DD2B7506740089C286 /* Sources */ = {
			isa = PBXSourcesBuildPhase;
			buildActionMask = 2147483647;
			files = (
				D23BC5E92B7506740089C286 /* ViewController.swift in Sources */,
				D23BC5E52B7506740089C286 /* AppDelegate.swift in Sources */,
				D23BC5E72B7506740089C286 /* SceneDelegate.swift in Sources */,
			);
			runOnlyForDeploymentPostprocessing = 0;
		};
		D23BC5F32B7506750089C286 /* Sources */ = {
			isa = PBXSourcesBuildPhase;
			buildActionMask = 2147483647;
			files = (
				D23BC5FC2B7506750089C286 /* ClubHouseTests.swift in Sources */,
			);
			runOnlyForDeploymentPostprocessing = 0;
		};
		D23BC5FD2B7506750089C286 /* Sources */ = {
			isa = PBXSourcesBuildPhase;
			buildActionMask = 2147483647;
			files = (
				D23BC6062B7506750089C286 /* ClubHouseUITests.swift in Sources */,
				D23BC6082B7506750089C286 /* ClubHouseUITestsLaunchTests.swift in Sources */,
			);
			runOnlyForDeploymentPostprocessing = 0;
		};
/* End PBXSourcesBuildPhase section */

/* Begin PBXTargetDependency section */
		D23BC5F92B7506750089C286 /* PBXTargetDependency */ = {
			isa = PBXTargetDependency;
			target = D23BC5E02B7506740089C286 /* ClubHouse */;
			targetProxy = D23BC5F82B7506750089C286 /* PBXContainerItemProxy */;
		};
		D23BC6032B7506750089C286 /* PBXTargetDependency */ = {
			isa = PBXTargetDependency;
			target = D23BC5E02B7506740089C286 /* ClubHouse */;
			targetProxy = D23BC6022B7506750089C286 /* PBXContainerItemProxy */;
		};
/* End PBXTargetDependency section */

/* Begin PBXVariantGroup section */
		D23BC5EA2B7506740089C286 /* Main.storyboard */ = {
			isa = PBXVariantGroup;
			children = (
				D23BC5EB2B7506740089C286 /* Base */,
			);
			name = Main.storyboard;
			sourceTree = "<group>";
		};
		D23BC5EF2B7506750089C286 /* LaunchScreen.storyboard */ = {
			isa = PBXVariantGroup;
			children = (
				D23BC5F02B7506750089C286 /* Base */,
			);
			name = LaunchScreen.storyboard;
			sourceTree = "<group>";
		};
/* End PBXVariantGroup section */

/* Begin XCBuildConfiguration section */
		D23BC6092B7506750089C286 /* Debug */ = {
			isa = XCBuildConfiguration;
			buildSettings = {
				ALWAYS_SEARCH_USER_PATHS = NO;
				ASSETCATALOG_COMPILER_GENERATE_SWIFT_ASSET_SYMBOL_EXTENSIONS = YES;
				CLANG_ANALYZER_NONNULL = YES;
				CLANG_ANALYZER_NUMBER_OBJECT_CONVERSION = YES_AGGRESSIVE;
				CLANG_CXX_LANGUAGE_STANDARD = "gnu++20";
				CLANG_ENABLE_MODULES = YES;
				CLANG_ENABLE_OBJC_ARC = YES;
				CLANG_ENABLE_OBJC_WEAK = YES;
				CLANG_WARN_BLOCK_CAPTURE_AUTORELEASING = YES;
				CLANG_WARN_BOOL_CONVERSION = YES;
				CLANG_WARN_COMMA = YES;
				CLANG_WARN_CONSTANT_CONVERSION = YES;
				CLANG_WARN_DEPRECATED_OBJC_IMPLEMENTATIONS = YES;
				CLANG_WARN_DIRECT_OBJC_ISA_USAGE = YES_ERROR;
				CLANG_WARN_DOCUMENTATION_COMMENTS = YES;
				CLANG_WARN_EMPTY_BODY = YES;
				CLANG_WARN_ENUM_CONVERSION = YES;
				CLANG_WARN_INFINITE_RECURSION = YES;
				CLANG_WARN_INT_CONVERSION = YES;
				CLANG_WARN_NON_LITERAL_NULL_CONVERSION = YES;
				CLANG_WARN_OBJC_IMPLICIT_RETAIN_SELF = YES;
				CLANG_WARN_OBJC_LITERAL_CONVERSION = YES;
				CLANG_WARN_OBJC_ROOT_CLASS = YES_ERROR;
				CLANG_WARN_QUOTED_INCLUDE_IN_FRAMEWORK_HEADER = YES;
				CLANG_WARN_RANGE_LOOP_ANALYSIS = YES;
				CLANG_WARN_STRICT_PROTOTYPES = YES;
				CLANG_WARN_SUSPICIOUS_MOVE = YES;
				CLANG_WARN_UNGUARDED_AVAILABILITY = YES_AGGRESSIVE;
				CLANG_WARN_UNREACHABLE_CODE = YES;
				CLANG_WARN__DUPLICATE_METHOD_MATCH = YES;
				COPY_PHASE_STRIP = NO;
				DEBUG_INFORMATION_FORMAT = dwarf;
				ENABLE_STRICT_OBJC_MSGSEND = YES;
				ENABLE_TESTABILITY = YES;
				ENABLE_USER_SCRIPT_SANDBOXING = NO;
				GCC_C_LANGUAGE_STANDARD = gnu17;
				GCC_DYNAMIC_NO_PIC = NO;
				GCC_NO_COMMON_BLOCKS = YES;
				GCC_OPTIMIZATION_LEVEL = 0;
				GCC_PREPROCESSOR_DEFINITIONS = (
					"DEBUG=1",
					"$(inherited)",
				);
				GCC_WARN_64_TO_32_BIT_CONVERSION = YES;
				GCC_WARN_ABOUT_RETURN_TYPE = YES_ERROR;
				GCC_WARN_UNDECLARED_SELECTOR = YES;
				GCC_WARN_UNINITIALIZED_AUTOS = YES_AGGRESSIVE;
				GCC_WARN_UNUSED_FUNCTION = YES;
				GCC_WARN_UNUSED_VARIABLE = YES;
				IPHONEOS_DEPLOYMENT_TARGET = 17.2;
				LOCALIZATION_PREFERS_STRING_CATALOGS = YES;
				MTL_ENABLE_DEBUG_INFO = INCLUDE_SOURCE;
				MTL_FAST_MATH = YES;
				ONLY_ACTIVE_ARCH = YES;
				SDKROOT = iphoneos;
				SWIFT_ACTIVE_COMPILATION_CONDITIONS = "DEBUG $(inherited)";
				SWIFT_OPTIMIZATION_LEVEL = "-Onone";
			};
			name = Debug;
		};
		D23BC60A2B7506750089C286 /* Release */ = {
			isa = XCBuildConfiguration;
			buildSettings = {
				ALWAYS_SEARCH_USER_PATHS = NO;
				ASSETCATALOG_COMPILER_GENERATE_SWIFT_ASSET_SYMBOL_EXTENSIONS = YES;
				CLANG_ANALYZER_NONNULL = YES;
				CLANG_ANALYZER_NUMBER_OBJECT_CONVERSION = YES_AGGRESSIVE;
				CLANG_CXX_LANGUAGE_STANDARD = "gnu++20";
				CLANG_ENABLE_MODULES = YES;
				CLANG_ENABLE_OBJC_ARC = YES;
				CLANG_ENABLE_OBJC_WEAK = YES;
				CLANG_WARN_BLOCK_CAPTURE_AUTORELEASING = YES;
				CLANG_WARN_BOOL_CONVERSION = YES;
				CLANG_WARN_COMMA = YES;
				CLANG_WARN_CONSTANT_CONVERSION = YES;
				CLANG_WARN_DEPRECATED_OBJC_IMPLEMENTATIONS = YES;
				CLANG_WARN_DIRECT_OBJC_ISA_USAGE = YES_ERROR;
				CLANG_WARN_DOCUMENTATION_COMMENTS = YES;
				CLANG_WARN_EMPTY_BODY = YES;
				CLANG_WARN_ENUM_CONVERSION = YES;
				CLANG_WARN_INFINITE_RECURSION = YES;
				CLANG_WARN_INT_CONVERSION = YES;
				CLANG_WARN_NON_LITERAL_NULL_CONVERSION = YES;
				CLANG_WARN_OBJC_IMPLICIT_RETAIN_SELF = YES;
				CLANG_WARN_OBJC_LITERAL_CONVERSION = YES;
				CLANG_WARN_OBJC_ROOT_CLASS = YES_ERROR;
				CLANG_WARN_QUOTED_INCLUDE_IN_FRAMEWORK_HEADER = YES;
				CLANG_WARN_RANGE_LOOP_ANALYSIS = YES;
				CLANG_WARN_STRICT_PROTOTYPES = YES;
				CLANG_WARN_SUSPICIOUS_MOVE = YES;
				CLANG_WARN_UNGUARDED_AVAILABILITY = YES_AGGRESSIVE;
				CLANG_WARN_UNREACHABLE_CODE = YES;
				CLANG_WARN__DUPLICATE_METHOD_MATCH = YES;
				COPY_PHASE_STRIP = NO;
				DEBUG_INFORMATION_FORMAT = "dwarf-with-dsym";
				ENABLE_NS_ASSERTIONS = NO;
				ENABLE_STRICT_OBJC_MSGSEND = YES;
				ENABLE_USER_SCRIPT_SANDBOXING = NO;
				GCC_C_LANGUAGE_STANDARD = gnu17;
				GCC_NO_COMMON_BLOCKS = YES;
				GCC_WARN_64_TO_32_BIT_CONVERSION = YES;
				GCC_WARN_ABOUT_RETURN_TYPE = YES_ERROR;
				GCC_WARN_UNDECLARED_SELECTOR = YES;
				GCC_WARN_UNINITIALIZED_AUTOS = YES_AGGRESSIVE;
				GCC_WARN_UNUSED_FUNCTION = YES;
				GCC_WARN_UNUSED_VARIABLE = YES;
				IPHONEOS_DEPLOYMENT_TARGET = 17.2;
				LOCALIZATION_PREFERS_STRING_CATALOGS = YES;
				MTL_ENABLE_DEBUG_INFO = NO;
				MTL_FAST_MATH = YES;
				SDKROOT = iphoneos;
				SWIFT_COMPILATION_MODE = wholemodule;
				VALIDATE_PRODUCT = YES;
			};
			name = Release;
		};
		D23BC60C2B7506750089C286 /* Debug */ = {
			isa = XCBuildConfiguration;
			baseConfigurationReference = E6671A664074597755F83BE1 /* Pods-ClubHouse.debug.xcconfig */;
			buildSettings = {
				ASSETCATALOG_COMPILER_APPICON_NAME = AppIcon;
				ASSETCATALOG_COMPILER_GLOBAL_ACCENT_COLOR_NAME = AccentColor;
				CODE_SIGN_STYLE = Automatic;
				CURRENT_PROJECT_VERSION = 1;
				DEVELOPMENT_TEAM = 38ZULJ5XUY;
				ENABLE_USER_SCRIPT_SANDBOXING = NO;
				GENERATE_INFOPLIST_FILE = YES;
				INFOPLIST_FILE = ClubHouse/Info.plist;
				INFOPLIST_KEY_UIApplicationSupportsIndirectInputEvents = YES;
				INFOPLIST_KEY_UILaunchStoryboardName = LaunchScreen;
				INFOPLIST_KEY_UIMainStoryboardFile = Main;
				INFOPLIST_KEY_UISupportedInterfaceOrientations_iPad = "UIInterfaceOrientationPortrait UIInterfaceOrientationPortraitUpsideDown UIInterfaceOrientationLandscapeLeft UIInterfaceOrientationLandscapeRight";
				INFOPLIST_KEY_UISupportedInterfaceOrientations_iPhone = "UIInterfaceOrientationPortrait UIInterfaceOrientationLandscapeLeft UIInterfaceOrientationLandscapeRight";
				LD_RUNPATH_SEARCH_PATHS = (
					"$(inherited)",
					"@executable_path/Frameworks",
				);
				MARKETING_VERSION = 1.0;
				PRODUCT_BUNDLE_IDENTIFIER = daurendee.ClubHouse;
				PRODUCT_NAME = "$(TARGET_NAME)";
				SWIFT_EMIT_LOC_STRINGS = YES;
				SWIFT_VERSION = 5.0;
				TARGETED_DEVICE_FAMILY = "1,2";
			};
			name = Debug;
		};
		D23BC60D2B7506750089C286 /* Release */ = {
			isa = XCBuildConfiguration;
			baseConfigurationReference = 23861C1552F069E7091FB224 /* Pods-ClubHouse.release.xcconfig */;
			buildSettings = {
				ASSETCATALOG_COMPILER_APPICON_NAME = AppIcon;
				ASSETCATALOG_COMPILER_GLOBAL_ACCENT_COLOR_NAME = AccentColor;
				CODE_SIGN_STYLE = Automatic;
				CURRENT_PROJECT_VERSION = 1;
				DEVELOPMENT_TEAM = 38ZULJ5XUY;
				ENABLE_USER_SCRIPT_SANDBOXING = NO;
				GENERATE_INFOPLIST_FILE = YES;
				INFOPLIST_FILE = ClubHouse/Info.plist;
				INFOPLIST_KEY_UIApplicationSupportsIndirectInputEvents = YES;
				INFOPLIST_KEY_UILaunchStoryboardName = LaunchScreen;
				INFOPLIST_KEY_UIMainStoryboardFile = Main;
				INFOPLIST_KEY_UISupportedInterfaceOrientations_iPad = "UIInterfaceOrientationPortrait UIInterfaceOrientationPortraitUpsideDown UIInterfaceOrientationLandscapeLeft UIInterfaceOrientationLandscapeRight";
				INFOPLIST_KEY_UISupportedInterfaceOrientations_iPhone = "UIInterfaceOrientationPortrait UIInterfaceOrientationLandscapeLeft UIInterfaceOrientationLandscapeRight";
				LD_RUNPATH_SEARCH_PATHS = (
					"$(inherited)",
					"@executable_path/Frameworks",
				);
				MARKETING_VERSION = 1.0;
				PRODUCT_BUNDLE_IDENTIFIER = daurendee.ClubHouse;
				PRODUCT_NAME = "$(TARGET_NAME)";
				SWIFT_EMIT_LOC_STRINGS = YES;
				SWIFT_VERSION = 5.0;
				TARGETED_DEVICE_FAMILY = "1,2";
			};
			name = Release;
		};
		D23BC60F2B7506750089C286 /* Debug */ = {
			isa = XCBuildConfiguration;
			baseConfigurationReference = 154706A86D61886FE0AD5E80 /* Pods-ClubHouseTests.debug.xcconfig */;
			buildSettings = {
				ALWAYS_EMBED_SWIFT_STANDARD_LIBRARIES = YES;
				BUNDLE_LOADER = "$(TEST_HOST)";
				CODE_SIGN_STYLE = Automatic;
				CURRENT_PROJECT_VERSION = 1;
				DEVELOPMENT_TEAM = 38ZULJ5XUY;
				GENERATE_INFOPLIST_FILE = YES;
				IPHONEOS_DEPLOYMENT_TARGET = 17.2;
				MARKETING_VERSION = 1.0;
				PRODUCT_BUNDLE_IDENTIFIER = daurendee.ClubHouseTests;
				PRODUCT_NAME = "$(TARGET_NAME)";
				SWIFT_EMIT_LOC_STRINGS = NO;
				SWIFT_VERSION = 5.0;
				TARGETED_DEVICE_FAMILY = "1,2";
				TEST_HOST = "$(BUILT_PRODUCTS_DIR)/ClubHouse.app/$(BUNDLE_EXECUTABLE_FOLDER_PATH)/ClubHouse";
			};
			name = Debug;
		};
		D23BC6102B7506750089C286 /* Release */ = {
			isa = XCBuildConfiguration;
			baseConfigurationReference = F35695D79B4932A683C5B45A /* Pods-ClubHouseTests.release.xcconfig */;
			buildSettings = {
				ALWAYS_EMBED_SWIFT_STANDARD_LIBRARIES = YES;
				BUNDLE_LOADER = "$(TEST_HOST)";
				CODE_SIGN_STYLE = Automatic;
				CURRENT_PROJECT_VERSION = 1;
				DEVELOPMENT_TEAM = 38ZULJ5XUY;
				GENERATE_INFOPLIST_FILE = YES;
				IPHONEOS_DEPLOYMENT_TARGET = 17.2;
				MARKETING_VERSION = 1.0;
				PRODUCT_BUNDLE_IDENTIFIER = daurendee.ClubHouseTests;
				PRODUCT_NAME = "$(TARGET_NAME)";
				SWIFT_EMIT_LOC_STRINGS = NO;
				SWIFT_VERSION = 5.0;
				TARGETED_DEVICE_FAMILY = "1,2";
				TEST_HOST = "$(BUILT_PRODUCTS_DIR)/ClubHouse.app/$(BUNDLE_EXECUTABLE_FOLDER_PATH)/ClubHouse";
			};
			name = Release;
		};
		D23BC6122B7506750089C286 /* Debug */ = {
			isa = XCBuildConfiguration;
			baseConfigurationReference = B8720F6D6D35519FD9774D80 /* Pods-ClubHouse-ClubHouseUITests.debug.xcconfig */;
			buildSettings = {
				ALWAYS_EMBED_SWIFT_STANDARD_LIBRARIES = YES;
				CODE_SIGN_STYLE = Automatic;
				CURRENT_PROJECT_VERSION = 1;
				DEVELOPMENT_TEAM = 38ZULJ5XUY;
				GENERATE_INFOPLIST_FILE = YES;
				MARKETING_VERSION = 1.0;
				PRODUCT_BUNDLE_IDENTIFIER = daurendee.ClubHouseUITests;
				PRODUCT_NAME = "$(TARGET_NAME)";
				SWIFT_EMIT_LOC_STRINGS = NO;
				SWIFT_VERSION = 5.0;
				TARGETED_DEVICE_FAMILY = "1,2";
				TEST_TARGET_NAME = ClubHouse;
			};
			name = Debug;
		};
		D23BC6132B7506750089C286 /* Release */ = {
			isa = XCBuildConfiguration;
			baseConfigurationReference = 6D8049CD5281B9032874EDA1 /* Pods-ClubHouse-ClubHouseUITests.release.xcconfig */;
			buildSettings = {
				ALWAYS_EMBED_SWIFT_STANDARD_LIBRARIES = YES;
				CODE_SIGN_STYLE = Automatic;
				CURRENT_PROJECT_VERSION = 1;
				DEVELOPMENT_TEAM = 38ZULJ5XUY;
				GENERATE_INFOPLIST_FILE = YES;
				MARKETING_VERSION = 1.0;
				PRODUCT_BUNDLE_IDENTIFIER = daurendee.ClubHouseUITests;
				PRODUCT_NAME = "$(TARGET_NAME)";
				SWIFT_EMIT_LOC_STRINGS = NO;
				SWIFT_VERSION = 5.0;
				TARGETED_DEVICE_FAMILY = "1,2";
				TEST_TARGET_NAME = ClubHouse;
			};
			name = Release;
		};
/* End XCBuildConfiguration section */

/* Begin XCConfigurationList section */
		D23BC5DC2B7506740089C286 /* Build configuration list for PBXProject "ClubHouse" */ = {
			isa = XCConfigurationList;
			buildConfigurations = (
				D23BC6092B7506750089C286 /* Debug */,
				D23BC60A2B7506750089C286 /* Release */,
			);
			defaultConfigurationIsVisible = 0;
			defaultConfigurationName = Release;
		};
		D23BC60B2B7506750089C286 /* Build configuration list for PBXNativeTarget "ClubHouse" */ = {
			isa = XCConfigurationList;
			buildConfigurations = (
				D23BC60C2B7506750089C286 /* Debug */,
				D23BC60D2B7506750089C286 /* Release */,
			);
			defaultConfigurationIsVisible = 0;
			defaultConfigurationName = Release;
		};
		D23BC60E2B7506750089C286 /* Build configuration list for PBXNativeTarget "ClubHouseTests" */ = {
			isa = XCConfigurationList;
			buildConfigurations = (
				D23BC60F2B7506750089C286 /* Debug */,
				D23BC6102B7506750089C286 /* Release */,
			);
			defaultConfigurationIsVisible = 0;
			defaultConfigurationName = Release;
		};
		D23BC6112B7506750089C286 /* Build configuration list for PBXNativeTarget "ClubHouseUITests" */ = {
			isa = XCConfigurationList;
			buildConfigurations = (
				D23BC6122B7506750089C286 /* Debug */,
				D23BC6132B7506750089C286 /* Release */,
			);
			defaultConfigurationIsVisible = 0;
			defaultConfigurationName = Release;
		};
/* End XCConfigurationList section */
	};
	rootObject = D23BC5D92B7506740089C286 /* Project object */;
}
